
Microsoft Visual Studio Solution File, Format Version 12.00
# Visual Studio 15
VisualStudioVersion = 15.0.28010.2050
MinimumVisualStudioVersion = 10.0.40219.1
Project("{FAE04EC0-301F-11D3-BF4B-00C04F79EFBC}") = "LibraryApplication", "LibraryApplication\LibraryApplication.csproj", "{EEFCC016-B5A5-43E6-BDB2-E35830FAED7C}"
EndProject
Global
	GlobalSection(SolutionConfigurationPlatforms) = preSolution
		Debug|Any CPU = Debug|Any CPU
		Release|Any CPU = Release|Any CPU
	EndGlobalSection
	GlobalSection(ProjectConfigurationPlatforms) = postSolution
		{EEFCC016-B5A5-43E6-BDB2-E35830FAED7C}.Debug|Any CPU.ActiveCfg = Debug|Any CPU
		{EEFCC016-B5A5-43E6-BDB2-E35830FAED7C}.Debug|Any CPU.Build.0 = Debug|Any CPU
		{EEFCC016-B5A5-43E6-BDB2-E35830FAED7C}.Release|Any CPU.ActiveCfg = Release|Any CPU
		{EEFCC016-B5A5-43E6-BDB2-E35830FAED7C}.Release|Any CPU.Build.0 = Release|Any CPU
	EndGlobalSection
	GlobalSection(SolutionProperties) = preSolution
		HideSolutionNode = FALSE
	EndGlobalSection
	GlobalSection(ExtensibilityGlobals) = postSolution
		SolutionGuid = {6DBB8090-B43A-4360-A680-B7C41256F3D4}
	EndGlobalSection
EndGlobal
